// !$*UTF8*$!
{
	archiveVersion = 1;
	classes = {
	};
	objectVersion = 56;
	objects = {

/* Begin PBXBuildFile section */
		3540DF032C3444F500F3AE3C /* AppDelegate.swift in Sources */ = {isa = PBXBuildFile; fileRef = 3540DF022C3444F500F3AE3C /* AppDelegate.swift */; };
		3540DF052C3444F500F3AE3C /* SceneDelegate.swift in Sources */ = {isa = PBXBuildFile; fileRef = 3540DF042C3444F500F3AE3C /* SceneDelegate.swift */; };
		3540DF072C3444F500F3AE3C /* MainTabBarViewController.swift in Sources */ = {isa = PBXBuildFile; fileRef = 3540DF062C3444F500F3AE3C /* MainTabBarViewController.swift */; };
		3540DF0C2C3444F600F3AE3C /* Assets.xcassets in Resources */ = {isa = PBXBuildFile; fileRef = 3540DF0B2C3444F600F3AE3C /* Assets.xcassets */; };
		3540DF0F2C3444F600F3AE3C /* LaunchScreen.storyboard in Resources */ = {isa = PBXBuildFile; fileRef = 3540DF0D2C3444F600F3AE3C /* LaunchScreen.storyboard */; };
		3540DF182C3448A000F3AE3C /* HomeViewController.swift in Sources */ = {isa = PBXBuildFile; fileRef = 3540DF172C34489F00F3AE3C /* HomeViewController.swift */; };
		3540DF1A2C3448E600F3AE3C /* UpcomingViewController.swift in Sources */ = {isa = PBXBuildFile; fileRef = 3540DF192C3448E600F3AE3C /* UpcomingViewController.swift */; };
		3540DF1C2C34490500F3AE3C /* SearchViewController.swift in Sources */ = {isa = PBXBuildFile; fileRef = 3540DF1B2C34490500F3AE3C /* SearchViewController.swift */; };
		3540DF1E2C34492C00F3AE3C /* DownloadsViewController.swift in Sources */ = {isa = PBXBuildFile; fileRef = 3540DF1D2C34492C00F3AE3C /* DownloadsViewController.swift */; };
		3540DF252C347BC200F3AE3C /* CollectionViewTableViewCell.swift in Sources */ = {isa = PBXBuildFile; fileRef = 3540DF242C347BC200F3AE3C /* CollectionViewTableViewCell.swift */; };
		3540DF292C348AC300F3AE3C /* HeroHeaderUIView.swift in Sources */ = {isa = PBXBuildFile; fileRef = 3540DF282C348AC300F3AE3C /* HeroHeaderUIView.swift */; };
		3540DF2F2C35732D00F3AE3C /* APICaller.swift in Sources */ = {isa = PBXBuildFile; fileRef = 3540DF2E2C35732D00F3AE3C /* APICaller.swift */; };
/* End PBXBuildFile section */

/* Begin PBXFileReference section */
		3540DEFF2C3444F500F3AE3C /* UIKitTest.app */ = {isa = PBXFileReference; explicitFileType = wrapper.application; includeInIndex = 0; path = UIKitTest.app; sourceTree = BUILT_PRODUCTS_DIR; };
		3540DF022C3444F500F3AE3C /* AppDelegate.swift */ = {isa = PBXFileReference; lastKnownFileType = sourcecode.swift; path = AppDelegate.swift; sourceTree = "<group>"; };
		3540DF042C3444F500F3AE3C /* SceneDelegate.swift */ = {isa = PBXFileReference; lastKnownFileType = sourcecode.swift; path = SceneDelegate.swift; sourceTree = "<group>"; };
		3540DF062C3444F500F3AE3C /* MainTabBarViewController.swift */ = {isa = PBXFileReference; lastKnownFileType = sourcecode.swift; path = MainTabBarViewController.swift; sourceTree = "<group>"; };
		3540DF0B2C3444F600F3AE3C /* Assets.xcassets */ = {isa = PBXFileReference; lastKnownFileType = folder.assetcatalog; path = Assets.xcassets; sourceTree = "<group>"; };
		3540DF0E2C3444F600F3AE3C /* Base */ = {isa = PBXFileReference; lastKnownFileType = file.storyboard; name = Base; path = Base.lproj/LaunchScreen.storyboard; sourceTree = "<group>"; };
		3540DF102C3444F600F3AE3C /* Info.plist */ = {isa = PBXFileReference; lastKnownFileType = text.plist.xml; path = Info.plist; sourceTree = "<group>"; };
		3540DF172C34489F00F3AE3C /* HomeViewController.swift */ = {isa = PBXFileReference; lastKnownFileType = sourcecode.swift; path = HomeViewController.swift; sourceTree = "<group>"; };
		3540DF192C3448E600F3AE3C /* UpcomingViewController.swift */ = {isa = PBXFileReference; lastKnownFileType = sourcecode.swift; path = UpcomingViewController.swift; sourceTree = "<group>"; };
		3540DF1B2C34490500F3AE3C /* SearchViewController.swift */ = {isa = PBXFileReference; lastKnownFileType = sourcecode.swift; path = SearchViewController.swift; sourceTree = "<group>"; };
		3540DF1D2C34492C00F3AE3C /* DownloadsViewController.swift */ = {isa = PBXFileReference; lastKnownFileType = sourcecode.swift; path = DownloadsViewController.swift; sourceTree = "<group>"; };
		3540DF242C347BC200F3AE3C /* CollectionViewTableViewCell.swift */ = {isa = PBXFileReference; lastKnownFileType = sourcecode.swift; path = CollectionViewTableViewCell.swift; sourceTree = "<group>"; };
		3540DF282C348AC300F3AE3C /* HeroHeaderUIView.swift */ = {isa = PBXFileReference; lastKnownFileType = sourcecode.swift; path = HeroHeaderUIView.swift; sourceTree = "<group>"; };
		3540DF2E2C35732D00F3AE3C /* APICaller.swift */ = {isa = PBXFileReference; lastKnownFileType = sourcecode.swift; path = APICaller.swift; sourceTree = "<group>"; };
/* End PBXFileReference section */

/* Begin PBXFrameworksBuildPhase section */
		3540DEFC2C3444F500F3AE3C /* Frameworks */ = {
			isa = PBXFrameworksBuildPhase;
			buildActionMask = 2147483647;
			files = (
			);
			runOnlyForDeploymentPostprocessing = 0;
		};
/* End PBXFrameworksBuildPhase section */

/* Begin PBXGroup section */
		3540DEF62C3444F500F3AE3C = {
			isa = PBXGroup;
			children = (
				3540DF012C3444F500F3AE3C /* UIKitTest */,
				3540DF002C3444F500F3AE3C /* Products */,
			);
			sourceTree = "<group>";
		};
		3540DF002C3444F500F3AE3C /* Products */ = {
			isa = PBXGroup;
			children = (
				3540DEFF2C3444F500F3AE3C /* UIKitTest.app */,
			);
			name = Products;
			sourceTree = "<group>";
		};
		3540DF012C3444F500F3AE3C /* UIKitTest */ = {
			isa = PBXGroup;
			children = (
				3540DF232C347B8000F3AE3C /* Managers */,
				3540DF222C347B7300F3AE3C /* Resources */,
				3540DF212C347B5900F3AE3C /* Models */,
				3540DF202C347B4F00F3AE3C /* ViewModels */,
				3540DF1F2C347B4900F3AE3C /* Views */,
				3540DF162C34485A00F3AE3C /* Controllers */,
				3540DF022C3444F500F3AE3C /* AppDelegate.swift */,
				3540DF042C3444F500F3AE3C /* SceneDelegate.swift */,
				3540DF062C3444F500F3AE3C /* MainTabBarViewController.swift */,
				3540DF0B2C3444F600F3AE3C /* Assets.xcassets */,
				3540DF0D2C3444F600F3AE3C /* LaunchScreen.storyboard */,
				3540DF102C3444F600F3AE3C /* Info.plist */,
			);
			path = UIKitTest;
			sourceTree = "<group>";
		};
		3540DF162C34485A00F3AE3C /* Controllers */ = {
			isa = PBXGroup;
			children = (
				3540DF172C34489F00F3AE3C /* HomeViewController.swift */,
				3540DF192C3448E600F3AE3C /* UpcomingViewController.swift */,
				3540DF1B2C34490500F3AE3C /* SearchViewController.swift */,
				3540DF1D2C34492C00F3AE3C /* DownloadsViewController.swift */,
			);
			path = Controllers;
			sourceTree = "<group>";
		};
		3540DF1F2C347B4900F3AE3C /* Views */ = {
			isa = PBXGroup;
			children = (
				3540DF242C347BC200F3AE3C /* CollectionViewTableViewCell.swift */,
				3540DF282C348AC300F3AE3C /* HeroHeaderUIView.swift */,
			);
			path = Views;
			sourceTree = "<group>";
		};
		3540DF202C347B4F00F3AE3C /* ViewModels */ = {
			isa = PBXGroup;
			children = (
			);
			path = ViewModels;
			sourceTree = "<group>";
		};
		3540DF212C347B5900F3AE3C /* Models */ = {
			isa = PBXGroup;
			children = (
			);
			path = Models;
			sourceTree = "<group>";
		};
		3540DF222C347B7300F3AE3C /* Resources */ = {
			isa = PBXGroup;
			children = (
			);
			path = Resources;
			sourceTree = "<group>";
		};
		3540DF232C347B8000F3AE3C /* Managers */ = {
			isa = PBXGroup;
			children = (
				3540DF2E2C35732D00F3AE3C /* APICaller.swift */,
			);
			path = Managers;
			sourceTree = "<group>";
		};
/* End PBXGroup section */

/* Begin PBXNativeTarget section */
		3540DEFE2C3444F500F3AE3C /* UIKitTest */ = {
			isa = PBXNativeTarget;
			buildConfigurationList = 3540DF132C3444F600F3AE3C /* Build configuration list for PBXNativeTarget "UIKitTest" */;
			buildPhases = (
				3540DEFB2C3444F500F3AE3C /* Sources */,
				3540DEFC2C3444F500F3AE3C /* Frameworks */,
				3540DEFD2C3444F500F3AE3C /* Resources */,
			);
			buildRules = (
			);
			dependencies = (
			);
			name = UIKitTest;
			productName = UIKitTest;
			productReference = 3540DEFF2C3444F500F3AE3C /* UIKitTest.app */;
			productType = "com.apple.product-type.application";
		};
/* End PBXNativeTarget section */

/* Begin PBXProject section */
		3540DEF72C3444F500F3AE3C /* Project object */ = {
			isa = PBXProject;
			attributes = {
				BuildIndependentTargetsInParallel = 1;
				LastSwiftUpdateCheck = 1520;
				LastUpgradeCheck = 1520;
				TargetAttributes = {
					3540DEFE2C3444F500F3AE3C = {
						CreatedOnToolsVersion = 15.2;
					};
				};
			};
			buildConfigurationList = 3540DEFA2C3444F500F3AE3C /* Build configuration list for PBXProject "UIKitTest" */;
			compatibilityVersion = "Xcode 14.0";
			developmentRegion = en;
			hasScannedForEncodings = 0;
			knownRegions = (
				en,
				Base,
			);
			mainGroup = 3540DEF62C3444F500F3AE3C;
			productRefGroup = 3540DF002C3444F500F3AE3C /* Products */;
			projectDirPath = "";
			projectRoot = "";
			targets = (
				3540DEFE2C3444F500F3AE3C /* UIKitTest */,
			);
		};
/* End PBXProject section */

/* Begin PBXResourcesBuildPhase section */
		3540DEFD2C3444F500F3AE3C /* Resources */ = {
			isa = PBXResourcesBuildPhase;
			buildActionMask = 2147483647;
			files = (
				3540DF0F2C3444F600F3AE3C /* LaunchScreen.storyboard in Resources */,
				3540DF0C2C3444F600F3AE3C /* Assets.xcassets in Resources */,
			);
			runOnlyForDeploymentPostprocessing = 0;
		};
/* End PBXResourcesBuildPhase section */

/* Begin PBXSourcesBuildPhase section */
		3540DEFB2C3444F500F3AE3C /* Sources */ = {
			isa = PBXSourcesBuildPhase;
			buildActionMask = 2147483647;
			files = (
				3540DF1C2C34490500F3AE3C /* SearchViewController.swift in Sources */,
				3540DF072C3444F500F3AE3C /* MainTabBarViewController.swift in Sources */,
				3540DF252C347BC200F3AE3C /* CollectionViewTableViewCell.swift in Sources */,
				3540DF2F2C35732D00F3AE3C /* APICaller.swift in Sources */,
				3540DF292C348AC300F3AE3C /* HeroHeaderUIView.swift in Sources */,
				3540DF1E2C34492C00F3AE3C /* DownloadsViewController.swift in Sources */,
				3540DF032C3444F500F3AE3C /* AppDelegate.swift in Sources */,
				3540DF052C3444F500F3AE3C /* SceneDelegate.swift in Sources */,
				3540DF1A2C3448E600F3AE3C /* UpcomingViewController.swift in Sources */,
				3540DF182C3448A000F3AE3C /* HomeViewController.swift in Sources */,
			);
			runOnlyForDeploymentPostprocessing = 0;
		};
/* End PBXSourcesBuildPhase section */

/* Begin PBXVariantGroup section */
		3540DF0D2C3444F600F3AE3C /* LaunchScreen.storyboard */ = {
			isa = PBXVariantGroup;
			children = (
				3540DF0E2C3444F600F3AE3C /* Base */,
			);
			name = LaunchScreen.storyboard;
			sourceTree = "<group>";
		};
/* End PBXVariantGroup section */

/* Begin XCBuildConfiguration section */
		3540DF112C3444F600F3AE3C /* Debug */ = {
			isa = XCBuildConfiguration;
			buildSettings = {
				ALWAYS_SEARCH_USER_PATHS = NO;
				ASSETCATALOG_COMPILER_GENERATE_SWIFT_ASSET_SYMBOL_EXTENSIONS = YES;
				CLANG_ANALYZER_NONNULL = YES;
				CLANG_ANALYZER_NUMBER_OBJECT_CONVERSION = YES_AGGRESSIVE;
				CLANG_CXX_LANGUAGE_STANDARD = "gnu++20";
				CLANG_ENABLE_MODULES = YES;
				CLANG_ENABLE_OBJC_ARC = YES;
				CLANG_ENABLE_OBJC_WEAK = YES;
				CLANG_WARN_BLOCK_CAPTURE_AUTORELEASING = YES;
				CLANG_WARN_BOOL_CONVERSION = YES;
				CLANG_WARN_COMMA = YES;
				CLANG_WARN_CONSTANT_CONVERSION = YES;
				CLANG_WARN_DEPRECATED_OBJC_IMPLEMENTATIONS = YES;
				CLANG_WARN_DIRECT_OBJC_ISA_USAGE = YES_ERROR;
				CLANG_WARN_DOCUMENTATION_COMMENTS = YES;
				CLANG_WARN_EMPTY_BODY = YES;
				CLANG_WARN_ENUM_CONVERSION = YES;
				CLANG_WARN_INFINITE_RECURSION = YES;
				CLANG_WARN_INT_CONVERSION = YES;
				CLANG_WARN_NON_LITERAL_NULL_CONVERSION = YES;
				CLANG_WARN_OBJC_IMPLICIT_RETAIN_SELF = YES;
				CLANG_WARN_OBJC_LITERAL_CONVERSION = YES;
				CLANG_WARN_OBJC_ROOT_CLASS = YES_ERROR;
				CLANG_WARN_QUOTED_INCLUDE_IN_FRAMEWORK_HEADER = YES;
				CLANG_WARN_RANGE_LOOP_ANALYSIS = YES;
				CLANG_WARN_STRICT_PROTOTYPES = YES;
				CLANG_WARN_SUSPICIOUS_MOVE = YES;
				CLANG_WARN_UNGUARDED_AVAILABILITY = YES_AGGRESSIVE;
				CLANG_WARN_UNREACHABLE_CODE = YES;
				CLANG_WARN__DUPLICATE_METHOD_MATCH = YES;
				COPY_PHASE_STRIP = NO;
				DEBUG_INFORMATION_FORMAT = dwarf;
				ENABLE_STRICT_OBJC_MSGSEND = YES;
				ENABLE_TESTABILITY = YES;
				ENABLE_USER_SCRIPT_SANDBOXING = YES;
				GCC_C_LANGUAGE_STANDARD = gnu17;
				GCC_DYNAMIC_NO_PIC = NO;
				GCC_NO_COMMON_BLOCKS = YES;
				GCC_OPTIMIZATION_LEVEL = 0;
				GCC_PREPROCESSOR_DEFINITIONS = (
					"DEBUG=1",
					"$(inherited)",
				);
				GCC_WARN_64_TO_32_BIT_CONVERSION = YES;
				GCC_WARN_ABOUT_RETURN_TYPE = YES_ERROR;
				GCC_WARN_UNDECLARED_SELECTOR = YES;
				GCC_WARN_UNINITIALIZED_AUTOS = YES_AGGRESSIVE;
				GCC_WARN_UNUSED_FUNCTION = YES;
				GCC_WARN_UNUSED_VARIABLE = YES;
				IPHONEOS_DEPLOYMENT_TARGET = 17.2;
				LOCALIZATION_PREFERS_STRING_CATALOGS = YES;
				MTL_ENABLE_DEBUG_INFO = INCLUDE_SOURCE;
				MTL_FAST_MATH = YES;
				ONLY_ACTIVE_ARCH = YES;
				SDKROOT = iphoneos;
				SWIFT_ACTIVE_COMPILATION_CONDITIONS = "DEBUG $(inherited)";
				SWIFT_OPTIMIZATION_LEVEL = "-Onone";
			};
			name = Debug;
		};
		3540DF122C3444F600F3AE3C /* Release */ = {
			isa = XCBuildConfiguration;
			buildSettings = {
				ALWAYS_SEARCH_USER_PATHS = NO;
				ASSETCATALOG_COMPILER_GENERATE_SWIFT_ASSET_SYMBOL_EXTENSIONS = YES;
				CLANG_ANALYZER_NONNULL = YES;
				CLANG_ANALYZER_NUMBER_OBJECT_CONVERSION = YES_AGGRESSIVE;
				CLANG_CXX_LANGUAGE_STANDARD = "gnu++20";
				CLANG_ENABLE_MODULES = YES;
				CLANG_ENABLE_OBJC_ARC = YES;
				CLANG_ENABLE_OBJC_WEAK = YES;
				CLANG_WARN_BLOCK_CAPTURE_AUTORELEASING = YES;
				CLANG_WARN_BOOL_CONVERSION = YES;
				CLANG_WARN_COMMA = YES;
				CLANG_WARN_CONSTANT_CONVERSION = YES;
				CLANG_WARN_DEPRECATED_OBJC_IMPLEMENTATIONS = YES;
				CLANG_WARN_DIRECT_OBJC_ISA_USAGE = YES_ERROR;
				CLANG_WARN_DOCUMENTATION_COMMENTS = YES;
				CLANG_WARN_EMPTY_BODY = YES;
				CLANG_WARN_ENUM_CONVERSION = YES;
				CLANG_WARN_INFINITE_RECURSION = YES;
				CLANG_WARN_INT_CONVERSION = YES;
				CLANG_WARN_NON_LITERAL_NULL_CONVERSION = YES;
				CLANG_WARN_OBJC_IMPLICIT_RETAIN_SELF = YES;
				CLANG_WARN_OBJC_LITERAL_CONVERSION = YES;
				CLANG_WARN_OBJC_ROOT_CLASS = YES_ERROR;
				CLANG_WARN_QUOTED_INCLUDE_IN_FRAMEWORK_HEADER = YES;
				CLANG_WARN_RANGE_LOOP_ANALYSIS = YES;
				CLANG_WARN_STRICT_PROTOTYPES = YES;
				CLANG_WARN_SUSPICIOUS_MOVE = YES;
				CLANG_WARN_UNGUARDED_AVAILABILITY = YES_AGGRESSIVE;
				CLANG_WARN_UNREACHABLE_CODE = YES;
				CLANG_WARN__DUPLICATE_METHOD_MATCH = YES;
				COPY_PHASE_STRIP = NO;
				DEBUG_INFORMATION_FORMAT = "dwarf-with-dsym";
				ENABLE_NS_ASSERTIONS = NO;
				ENABLE_STRICT_OBJC_MSGSEND = YES;
				ENABLE_USER_SCRIPT_SANDBOXING = YES;
				GCC_C_LANGUAGE_STANDARD = gnu17;
				GCC_NO_COMMON_BLOCKS = YES;
				GCC_WARN_64_TO_32_BIT_CONVERSION = YES;
				GCC_WARN_ABOUT_RETURN_TYPE = YES_ERROR;
				GCC_WARN_UNDECLARED_SELECTOR = YES;
				GCC_WARN_UNINITIALIZED_AUTOS = YES_AGGRESSIVE;
				GCC_WARN_UNUSED_FUNCTION = YES;
				GCC_WARN_UNUSED_VARIABLE = YES;
				IPHONEOS_DEPLOYMENT_TARGET = 17.2;
				LOCALIZATION_PREFERS_STRING_CATALOGS = YES;
				MTL_ENABLE_DEBUG_INFO = NO;
				MTL_FAST_MATH = YES;
				SDKROOT = iphoneos;
				SWIFT_COMPILATION_MODE = wholemodule;
				VALIDATE_PRODUCT = YES;
			};
			name = Release;
		};
		3540DF142C3444F600F3AE3C /* Debug */ = {
			isa = XCBuildConfiguration;
			buildSettings = {
				ASSETCATALOG_COMPILER_APPICON_NAME = AppIcon;
				ASSETCATALOG_COMPILER_GLOBAL_ACCENT_COLOR_NAME = AccentColor;
				CODE_SIGN_STYLE = Automatic;
				CURRENT_PROJECT_VERSION = 1;
				DEVELOPMENT_TEAM = 76BG3J86YL;
				GENERATE_INFOPLIST_FILE = YES;
				INFOPLIST_FILE = UIKitTest/Info.plist;
				INFOPLIST_KEY_UIApplicationSupportsIndirectInputEvents = YES;
				INFOPLIST_KEY_UILaunchStoryboardName = LaunchScreen;
				INFOPLIST_KEY_UISupportedInterfaceOrientations_iPad = "UIInterfaceOrientationPortrait UIInterfaceOrientationPortraitUpsideDown UIInterfaceOrientationLandscapeLeft UIInterfaceOrientationLandscapeRight";
				INFOPLIST_KEY_UISupportedInterfaceOrientations_iPhone = "UIInterfaceOrientationPortrait UIInterfaceOrientationLandscapeLeft UIInterfaceOrientationLandscapeRight";
				IPHONEOS_DEPLOYMENT_TARGET = 14.0;
				LD_RUNPATH_SEARCH_PATHS = (
					"$(inherited)",
					"@executable_path/Frameworks",
				);
				MARKETING_VERSION = 1.0;
				PRODUCT_BUNDLE_IDENTIFIER = "Levan-Korkia.UIKitTest";
				PRODUCT_NAME = "$(TARGET_NAME)";
				SWIFT_EMIT_LOC_STRINGS = YES;
				SWIFT_VERSION = 5.0;
				TARGETED_DEVICE_FAMILY = "1,2";
			};
			name = Debug;
		};
		3540DF152C3444F600F3AE3C /* Release */ = {
			isa = XCBuildConfiguration;
			buildSettings = {
				ASSETCATALOG_COMPILER_APPICON_NAME = AppIcon;
				ASSETCATALOG_COMPILER_GLOBAL_ACCENT_COLOR_NAME = AccentColor;
				CODE_SIGN_STYLE = Automatic;
				CURRENT_PROJECT_VERSION = 1;
				DEVELOPMENT_TEAM = 76BG3J86YL;
				GENERATE_INFOPLIST_FILE = YES;
				INFOPLIST_FILE = UIKitTest/Info.plist;
				INFOPLIST_KEY_UIApplicationSupportsIndirectInputEvents = YES;
				INFOPLIST_KEY_UILaunchStoryboardName = LaunchScreen;
				INFOPLIST_KEY_UISupportedInterfaceOrientations_iPad = "UIInterfaceOrientationPortrait UIInterfaceOrientationPortraitUpsideDown UIInterfaceOrientationLandscapeLeft UIInterfaceOrientationLandscapeRight";
				INFOPLIST_KEY_UISupportedInterfaceOrientations_iPhone = "UIInterfaceOrientationPortrait UIInterfaceOrientationLandscapeLeft UIInterfaceOrientationLandscapeRight";
				IPHONEOS_DEPLOYMENT_TARGET = 14.0;
				LD_RUNPATH_SEARCH_PATHS = (
					"$(inherited)",
					"@executable_path/Frameworks",
				);
				MARKETING_VERSION = 1.0;
				PRODUCT_BUNDLE_IDENTIFIER = "Levan-Korkia.UIKitTest";
				PRODUCT_NAME = "$(TARGET_NAME)";
				SWIFT_EMIT_LOC_STRINGS = YES;
				SWIFT_VERSION = 5.0;
				TARGETED_DEVICE_FAMILY = "1,2";
			};
			name = Release;
		};
/* End XCBuildConfiguration section */

/* Begin XCConfigurationList section */
		3540DEFA2C3444F500F3AE3C /* Build configuration list for PBXProject "UIKitTest" */ = {
			isa = XCConfigurationList;
			buildConfigurations = (
				3540DF112C3444F600F3AE3C /* Debug */,
				3540DF122C3444F600F3AE3C /* Release */,
			);
			defaultConfigurationIsVisible = 0;
			defaultConfigurationName = Release;
		};
		3540DF132C3444F600F3AE3C /* Build configuration list for PBXNativeTarget "UIKitTest" */ = {
			isa = XCConfigurationList;
			buildConfigurations = (
				3540DF142C3444F600F3AE3C /* Debug */,
				3540DF152C3444F600F3AE3C /* Release */,
			);
			defaultConfigurationIsVisible = 0;
			defaultConfigurationName = Release;
		};
/* End XCConfigurationList section */
	};
	rootObject = 3540DEF72C3444F500F3AE3C /* Project object */;
}
